// !$*UTF8*$!
{
	archiveVersion = 1;
	classes = {
	};
	objectVersion = 46;
	objects = {

/* Begin PBXBuildFile section */
		F27CD9E61C8747010048B5C4 /* MidiDriverModule.h in CopyFiles */ = {isa = PBXBuildFile; fileRef = F27CD9E51C8747010048B5C4 /* MidiDriverModule.h */; };
		F27CD9E81C8747010048B5C4 /* MidiDriverModule.m in Sources */ = {isa = PBXBuildFile; fileRef = F27CD9E71C8747010048B5C4 /* MidiDriverModule.m */; };
		F27CDA261C87B58F0048B5C4 /* MIKMIDI.framework in Frameworks */ = {isa = PBXBuildFile; fileRef = F27CDA131C87A63B0048B5C4 /* MIKMIDI.framework */; };
/* End PBXBuildFile section */

/* Begin PBXContainerItemProxy section */
		F27CDA101C87A63B0048B5C4 /* PBXContainerItemProxy */ = {
			isa = PBXContainerItemProxy;
			containerPortal = F27CDA0A1C87A63B0048B5C4 /* MIKMIDI.xcodeproj */;
			proxyType = 2;
			remoteGlobalIDString = 9D74EEA517A7129300BEE89F;
			remoteInfo = MIKMIDI;
		};
		F27CDA121C87A63B0048B5C4 /* PBXContainerItemProxy */ = {
			isa = PBXContainerItemProxy;
			containerPortal = F27CDA0A1C87A63B0048B5C4 /* MIKMIDI.xcodeproj */;
			proxyType = 2;
			remoteGlobalIDString = 9DAF8B061A7AFF1100F46528;
			remoteInfo = "MIKMIDI-iOS";
		};
		F27CDA141C87A63B0048B5C4 /* PBXContainerItemProxy */ = {
			isa = PBXContainerItemProxy;
			containerPortal = F27CDA0A1C87A63B0048B5C4 /* MIKMIDI.xcodeproj */;
			proxyType = 2;
			remoteGlobalIDString = 9D4DF13A1AAB57430065F004;
			remoteInfo = "MIKMIDI Tests";
		};
/* End PBXContainerItemProxy section */

/* Begin PBXCopyFilesBuildPhase section */
		F27CD9E01C8747010048B5C4 /* CopyFiles */ = {
			isa = PBXCopyFilesBuildPhase;
			buildActionMask = 2147483647;
			dstPath = "include/$(PRODUCT_NAME)";
			dstSubfolderSpec = 16;
			files = (
				F27CD9E61C8747010048B5C4 /* MidiDriverModule.h in CopyFiles */,
			);
			runOnlyForDeploymentPostprocessing = 0;
		};
/* End PBXCopyFilesBuildPhase section */

/* Begin PBXFileReference section */
		F27CD9E21C8747010048B5C4 /* libReactNativeMidiDriver.a */ = {isa = PBXFileReference; explicitFileType = archive.ar; includeInIndex = 0; path = libReactNativeMidiDriver.a; sourceTree = BUILT_PRODUCTS_DIR; };
		F27CD9E51C8747010048B5C4 /* MidiDriverModule.h */ = {isa = PBXFileReference; lastKnownFileType = sourcecode.c.h; path = MidiDriverModule.h; sourceTree = "<group>"; };
		F27CD9E71C8747010048B5C4 /* MidiDriverModule.m */ = {isa = PBXFileReference; lastKnownFileType = sourcecode.c.objc; path = MidiDriverModule.m; sourceTree = "<group>"; };
		F27CDA0A1C87A63B0048B5C4 /* MIKMIDI.xcodeproj */ = {isa = PBXFileReference; lastKnownFileType = "wrapper.pb-project"; name = MIKMIDI.xcodeproj; path = ../../MIKMIDI/Framework/MIKMIDI.xcodeproj; sourceTree = "<group>"; };
/* End PBXFileReference section */

/* Begin PBXFrameworksBuildPhase section */
		F27CD9DF1C8747010048B5C4 /* Frameworks */ = {
			isa = PBXFrameworksBuildPhase;
			buildActionMask = 2147483647;
			files = (
				F27CDA261C87B58F0048B5C4 /* MIKMIDI.framework in Frameworks */,
			);
			runOnlyForDeploymentPostprocessing = 0;
		};
/* End PBXFrameworksBuildPhase section */

/* Begin PBXGroup section */
		F27CD9D91C8747010048B5C4 = {
			isa = PBXGroup;
			children = (
				F27CDA091C87A6070048B5C4 /* Libraries */,
				F27CD9E41C8747010048B5C4 /* ReactNativeMidiDriver */,
				F27CD9E31C8747010048B5C4 /* Products */,
			);
			sourceTree = "<group>";
		};
		F27CD9E31C8747010048B5C4 /* Products */ = {
			isa = PBXGroup;
			children = (
				F27CD9E21C8747010048B5C4 /* libReactNativeMidiDriver.a */,
			);
			name = Products;
			sourceTree = "<group>";
		};
		F27CD9E41C8747010048B5C4 /* ReactNativeMidiDriver */ = {
			isa = PBXGroup;
			children = (
				F27CD9E51C8747010048B5C4 /* MidiDriverModule.h */,
				F27CD9E71C8747010048B5C4 /* MidiDriverModule.m */,
			);
			path = ReactNativeMidiDriver;
			sourceTree = "<group>";
		};
		F27CDA091C87A6070048B5C4 /* Libraries */ = {
			isa = PBXGroup;
			children = (
				F27CDA0A1C87A63B0048B5C4 /* MIKMIDI.xcodeproj */,
			);
			name = Libraries;
			sourceTree = "<group>";
		};
		F27CDA0B1C87A63B0048B5C4 /* Products */ = {
			isa = PBXGroup;
			children = (
				F27CDA111C87A63B0048B5C4 /* MIKMIDI.framework */,
				F27CDA131C87A63B0048B5C4 /* MIKMIDI.framework */,
				F27CDA151C87A63B0048B5C4 /* MIKMIDI Tests.xctest */,
			);
			name = Products;
			sourceTree = "<group>";
		};
/* End PBXGroup section */

/* Begin PBXNativeTarget section */
		F27CD9E11C8747010048B5C4 /* ReactNativeMidiDriver */ = {
			isa = PBXNativeTarget;
			buildConfigurationList = F27CD9EB1C8747010048B5C4 /* Build configuration list for PBXNativeTarget "ReactNativeMidiDriver" */;
			buildPhases = (
				F27CD9DE1C8747010048B5C4 /* Sources */,
				F27CD9DF1C8747010048B5C4 /* Frameworks */,
				F27CD9E01C8747010048B5C4 /* CopyFiles */,
			);
			buildRules = (
			);
			dependencies = (
			);
			name = ReactNativeMidiDriver;
			productName = ReactNativeMidiDriver;
			productReference = F27CD9E21C8747010048B5C4 /* libReactNativeMidiDriver.a */;
			productType = "com.apple.product-type.library.static";
		};
/* End PBXNativeTarget section */

/* Begin PBXProject section */
		F27CD9DA1C8747010048B5C4 /* Project object */ = {
			isa = PBXProject;
			attributes = {
				LastUpgradeCheck = 0710;
				ORGANIZATIONNAME = shailesh;
				TargetAttributes = {
					F27CD9E11C8747010048B5C4 = {
						CreatedOnToolsVersion = 7.1.1;
						DevelopmentTeam = 3M8XJ834PY;
					};
				};
			};
			buildConfigurationList = F27CD9DD1C8747010048B5C4 /* Build configuration list for PBXProject "ReactNativeMidiDriver" */;
			compatibilityVersion = "Xcode 3.2";
			developmentRegion = English;
			hasScannedForEncodings = 0;
			knownRegions = (
				en,
			);
			mainGroup = F27CD9D91C8747010048B5C4;
			productRefGroup = F27CD9E31C8747010048B5C4 /* Products */;
			projectDirPath = "";
			projectReferences = (
				{
					ProductGroup = F27CDA0B1C87A63B0048B5C4 /* Products */;
					ProjectRef = F27CDA0A1C87A63B0048B5C4 /* MIKMIDI.xcodeproj */;
				},
			);
			projectRoot = "";
			targets = (
				F27CD9E11C8747010048B5C4 /* ReactNativeMidiDriver */,
			);
		};
/* End PBXProject section */

/* Begin PBXReferenceProxy section */
		F27CDA111C87A63B0048B5C4 /* MIKMIDI.framework */ = {
			isa = PBXReferenceProxy;
			fileType = wrapper.framework;
			path = MIKMIDI.framework;
			remoteRef = F27CDA101C87A63B0048B5C4 /* PBXContainerItemProxy */;
			sourceTree = BUILT_PRODUCTS_DIR;
		};
		F27CDA131C87A63B0048B5C4 /* MIKMIDI.framework */ = {
			isa = PBXReferenceProxy;
			fileType = wrapper.framework;
			path = MIKMIDI.framework;
			remoteRef = F27CDA121C87A63B0048B5C4 /* PBXContainerItemProxy */;
			sourceTree = BUILT_PRODUCTS_DIR;
		};
		F27CDA151C87A63B0048B5C4 /* MIKMIDI Tests.xctest */ = {
			isa = PBXReferenceProxy;
			fileType = wrapper.cfbundle;
			path = "MIKMIDI Tests.xctest";
			remoteRef = F27CDA141C87A63B0048B5C4 /* PBXContainerItemProxy */;
			sourceTree = BUILT_PRODUCTS_DIR;
		};
/* End PBXReferenceProxy section */

/* Begin PBXSourcesBuildPhase section */
		F27CD9DE1C8747010048B5C4 /* Sources */ = {
			isa = PBXSourcesBuildPhase;
			buildActionMask = 2147483647;
			files = (
				F27CD9E81C8747010048B5C4 /* MidiDriverModule.m in Sources */,
			);
			runOnlyForDeploymentPostprocessing = 0;
		};
/* End PBXSourcesBuildPhase section */

/* Begin XCBuildConfiguration section */
		F27CD9E91C8747010048B5C4 /* Debug */ = {
			isa = XCBuildConfiguration;
			buildSettings = {
				ALWAYS_SEARCH_USER_PATHS = NO;
				CLANG_CXX_LANGUAGE_STANDARD = "gnu++0x";
				CLANG_CXX_LIBRARY = "libc++";
				CLANG_ENABLE_MODULES = YES;
				CLANG_ENABLE_OBJC_ARC = YES;
				CLANG_WARN_BOOL_CONVERSION = YES;
				CLANG_WARN_CONSTANT_CONVERSION = YES;
				CLANG_WARN_DIRECT_OBJC_ISA_USAGE = YES_ERROR;
				CLANG_WARN_EMPTY_BODY = YES;
				CLANG_WARN_ENUM_CONVERSION = YES;
				CLANG_WARN_INT_CONVERSION = YES;
				CLANG_WARN_OBJC_ROOT_CLASS = YES_ERROR;
				CLANG_WARN_UNREACHABLE_CODE = YES;
				CLANG_WARN__DUPLICATE_METHOD_MATCH = YES;
				"CODE_SIGN_IDENTITY[sdk=iphoneos*]" = "iPhone Developer";
				COPY_PHASE_STRIP = NO;
				DEBUG_INFORMATION_FORMAT = dwarf;
				ENABLE_STRICT_OBJC_MSGSEND = YES;
				ENABLE_TESTABILITY = YES;
				GCC_C_LANGUAGE_STANDARD = gnu99;
				GCC_DYNAMIC_NO_PIC = NO;
				GCC_NO_COMMON_BLOCKS = YES;
				GCC_OPTIMIZATION_LEVEL = 0;
				GCC_PREPROCESSOR_DEFINITIONS = (
					"DEBUG=1",
					"$(inherited)",
				);
				GCC_WARN_64_TO_32_BIT_CONVERSION = YES;
				GCC_WARN_ABOUT_RETURN_TYPE = YES_ERROR;
				GCC_WARN_UNDECLARED_SELECTOR = YES;
				GCC_WARN_UNINITIALIZED_AUTOS = YES_AGGRESSIVE;
				GCC_WARN_UNUSED_FUNCTION = YES;
				GCC_WARN_UNUSED_VARIABLE = YES;
				HEADER_SEARCH_PATHS = (
					"$(SRCROOT)/../node_modules/react-native/React/**",
					"$(SRCROOT)/../../react-native/React/**",
					"$(SRCROOT)/../../../React/**",
				);
				IPHONEOS_DEPLOYMENT_TARGET = 9.1;
				MTL_ENABLE_DEBUG_INFO = YES;
				ONLY_ACTIVE_ARCH = YES;
				SDKROOT = iphoneos;
			};
			name = Debug;
		};
		F27CD9EA1C8747010048B5C4 /* Release */ = {
			isa = XCBuildConfiguration;
			buildSettings = {
				ALWAYS_SEARCH_USER_PATHS = NO;
				CLANG_CXX_LANGUAGE_STANDARD = "gnu++0x";
				CLANG_CXX_LIBRARY = "libc++";
				CLANG_ENABLE_MODULES = YES;
				CLANG_ENABLE_OBJC_ARC = YES;
				CLANG_WARN_BOOL_CONVERSION = YES;
				CLANG_WARN_CONSTANT_CONVERSION = YES;
				CLANG_WARN_DIRECT_OBJC_ISA_USAGE = YES_ERROR;
				CLANG_WARN_EMPTY_BODY = YES;
				CLANG_WARN_ENUM_CONVERSION = YES;
				CLANG_WARN_INT_CONVERSION = YES;
				CLANG_WARN_OBJC_ROOT_CLASS = YES_ERROR;
				CLANG_WARN_UNREACHABLE_CODE = YES;
				CLANG_WARN__DUPLICATE_METHOD_MATCH = YES;
				"CODE_SIGN_IDENTITY[sdk=iphoneos*]" = "iPhone Developer";
				COPY_PHASE_STRIP = NO;
				DEBUG_INFORMATION_FORMAT = "dwarf-with-dsym";
				ENABLE_NS_ASSERTIONS = NO;
				ENABLE_STRICT_OBJC_MSGSEND = YES;
				GCC_C_LANGUAGE_STANDARD = gnu99;
				GCC_NO_COMMON_BLOCKS = YES;
				GCC_WARN_64_TO_32_BIT_CONVERSION = YES;
				GCC_WARN_ABOUT_RETURN_TYPE = YES_ERROR;
				GCC_WARN_UNDECLARED_SELECTOR = YES;
				GCC_WARN_UNINITIALIZED_AUTOS = YES_AGGRESSIVE;
				GCC_WARN_UNUSED_FUNCTION = YES;
				GCC_WARN_UNUSED_VARIABLE = YES;
				HEADER_SEARCH_PATHS = (
					"$(SRCROOT)/node_modules/react-native/React/**",
					"$(SRCROOT)/../react-native/React/**",
					"$(SRCROOT)/../../React/**",
				);
				IPHONEOS_DEPLOYMENT_TARGET = 9.1;
				MTL_ENABLE_DEBUG_INFO = NO;
				SDKROOT = iphoneos;
				VALIDATE_PRODUCT = YES;
			};
			name = Release;
		};
		F27CD9EC1C8747010048B5C4 /* Debug */ = {
			isa = XCBuildConfiguration;
			buildSettings = {
				HEADER_SEARCH_PATHS = (
					"$(SRCROOT)/../node_modules/react-native/React/**",
					"$(SRCROOT)/../../react-native/React/**",
					"$(SRCROOT)/../../../React/**",
					"/Users/shailesh/work/repos/MIKMIDI/Source/**",
				);
				OTHER_LDFLAGS = "-ObjC";
				PRODUCT_NAME = "$(TARGET_NAME)";
				SKIP_INSTALL = YES;
			};
			name = Debug;
		};
		F27CD9ED1C8747010048B5C4 /* Release */ = {
			isa = XCBuildConfiguration;
			buildSettings = {
				HEADER_SEARCH_PATHS = (
					"$(SRCROOT)/../node_modules/react-native/React/**",
					"$(SRCROOT)/../../react-native/React/**",
					"$(SRCROOT)/../../../React/**",
					"/Users/shailesh/work/repos/MIKMIDI/Source/**",
				);
				OTHER_LDFLAGS = "-ObjC";
				PRODUCT_NAME = "$(TARGET_NAME)";
				SKIP_INSTALL = YES;
			};
			name = Release;
		};
/* End XCBuildConfiguration section */

/* Begin XCConfigurationList section */
		F27CD9DD1C8747010048B5C4 /* Build configuration list for PBXProject "ReactNativeMidiDriver" */ = {
			isa = XCConfigurationList;
			buildConfigurations = (
				F27CD9E91C8747010048B5C4 /* Debug */,
				F27CD9EA1C8747010048B5C4 /* Release */,
			);
			defaultConfigurationIsVisible = 0;
			defaultConfigurationName = Release;
		};
		F27CD9EB1C8747010048B5C4 /* Build configuration list for PBXNativeTarget "ReactNativeMidiDriver" */ = {
			isa = XCConfigurationList;
			buildConfigurations = (
				F27CD9EC1C8747010048B5C4 /* Debug */,
				F27CD9ED1C8747010048B5C4 /* Release */,
			);
			defaultConfigurationIsVisible = 0;
			defaultConfigurationName = Release;
		};
/* End XCConfigurationList section */
	};
	rootObject = F27CD9DA1C8747010048B5C4 /* Project object */;
}
